
Microsoft Visual Studio Solution File, Format Version 12.00
# Visual Studio Version 17
VisualStudioVersion = 17.13.35913.81
MinimumVisualStudioVersion = 10.0.40219.1
Project("{FAE04EC0-301F-11D3-BF4B-00C04F79EFBC}") = "FocusTimer", "FocusTimer\FocusTimer\FocusTimer.csproj", "{0A70075B-6751-424E-A4DA-84BC28C7190C}"
EndProject
Project("{FAE04EC0-301F-11D3-BF4B-00C04F79EFBC}") = "FocusTimer.Client", "FocusTimer\FocusTimer.Client\FocusTimer.Client.csproj", "{DE5A6A01-0347-43BC-A657-FE4C68352BFD}"
EndProject
Global
	GlobalSection(SolutionConfigurationPlatforms) = preSolution
		Debug|Any CPU = Debug|Any CPU
		Release|Any CPU = Release|Any CPU
	EndGlobalSection
	GlobalSection(ProjectConfigurationPlatforms) = postSolution
		{0A70075B-6751-424E-A4DA-84BC28C7190C}.Debug|Any CPU.ActiveCfg = Debug|Any CPU
		{0A70075B-6751-424E-A4DA-84BC28C7190C}.Debug|Any CPU.Build.0 = Debug|Any CPU
		{0A70075B-6751-424E-A4DA-84BC28C7190C}.Release|Any CPU.ActiveCfg = Release|Any CPU
		{0A70075B-6751-424E-A4DA-84BC28C7190C}.Release|Any CPU.Build.0 = Release|Any CPU
		{DE5A6A01-0347-43BC-A657-FE4C68352BFD}.Debug|Any CPU.ActiveCfg = Debug|Any CPU
		{DE5A6A01-0347-43BC-A657-FE4C68352BFD}.Debug|Any CPU.Build.0 = Debug|Any CPU
		{DE5A6A01-0347-43BC-A657-FE4C68352BFD}.Release|Any CPU.ActiveCfg = Release|Any CPU
		{DE5A6A01-0347-43BC-A657-FE4C68352BFD}.Release|Any CPU.Build.0 = Release|Any CPU
	EndGlobalSection
	GlobalSection(SolutionProperties) = preSolution
		HideSolutionNode = FALSE
	EndGlobalSection
	GlobalSection(ExtensibilityGlobals) = postSolution
		SolutionGuid = {F2394086-E826-4C21-B13A-FD49D9582BE4}
	EndGlobalSection
EndGlobal
